
Microsoft Visual Studio Solution File, Format Version 12.00
# Visual Studio Version 17
VisualStudioVersion = 17.3.32819.101
MinimumVisualStudioVersion = 10.0.40219.1
Project("{8BC9CEB8-8B4A-11D0-8D11-00A0C91BC942}") = "ConsoleApplication1", "ConsoleApplication1\ConsoleApplication1.vcxproj", "{CE131A0F-4886-44B3-A35C-42DB80FB7CF9}"
EndProject
Global
	GlobalSection(SolutionConfigurationPlatforms) = preSolution
		Debug|x64 = Debug|x64
		Debug|x86 = Debug|x86
		Release|x64 = Release|x64
		Release|x86 = Release|x86
	EndGlobalSection
	GlobalSection(ProjectConfigurationPlatforms) = postSolution
		{CE131A0F-4886-44B3-A35C-42DB80FB7CF9}.Debug|x64.ActiveCfg = Debug|x64
		{CE131A0F-4886-44B3-A35C-42DB80FB7CF9}.Debug|x64.Build.0 = Debug|x64
		{CE131A0F-4886-44B3-A35C-42DB80FB7CF9}.Debug|x86.ActiveCfg = Debug|Win32
		{CE131A0F-4886-44B3-A35C-42DB80FB7CF9}.Debug|x86.Build.0 = Debug|Win32
		{CE131A0F-4886-44B3-A35C-42DB80FB7CF9}.Release|x64.ActiveCfg = Release|x64
		{CE131A0F-4886-44B3-A35C-42DB80FB7CF9}.Release|x64.Build.0 = Release|x64
		{CE131A0F-4886-44B3-A35C-42DB80FB7CF9}.Release|x86.ActiveCfg = Release|Win32
		{CE131A0F-4886-44B3-A35C-42DB80FB7CF9}.Release|x86.Build.0 = Release|Win32
	EndGlobalSection
	GlobalSection(SolutionProperties) = preSolution
		HideSolutionNode = FALSE
	EndGlobalSection
	GlobalSection(ExtensibilityGlobals) = postSolution
		SolutionGuid = {9D206B78-E861-482F-BA68-8874229E5E2C}
	EndGlobalSection
EndGlobal
